
Microsoft Visual Studio Solution File, Format Version 12.00
Project("{FAE04EC0-301F-11D3-BF4B-00C04F79EFBC}") = "PNTask01", "PNTask01\PNTask01.csproj", "{8B9ECC87-B9A9-4E9B-9DBA-1295789759A1}"
EndProject
Global
	GlobalSection(SolutionConfigurationPlatforms) = preSolution
		Debug|Any CPU = Debug|Any CPU
		Release|Any CPU = Release|Any CPU
	EndGlobalSection
	GlobalSection(ProjectConfigurationPlatforms) = postSolution
		{8B9ECC87-B9A9-4E9B-9DBA-1295789759A1}.Debug|Any CPU.ActiveCfg = Debug|Any CPU
		{8B9ECC87-B9A9-4E9B-9DBA-1295789759A1}.Debug|Any CPU.Build.0 = Debug|Any CPU
		{8B9ECC87-B9A9-4E9B-9DBA-1295789759A1}.Release|Any CPU.ActiveCfg = Release|Any CPU
		{8B9ECC87-B9A9-4E9B-9DBA-1295789759A1}.Release|Any CPU.Build.0 = Release|Any CPU
	EndGlobalSection
EndGlobal
